
Microsoft Visual Studio Solution File, Format Version 12.00
# Visual Studio Version 17
VisualStudioVersion = 17.8.34316.72
MinimumVisualStudioVersion = 10.0.40219.1
Project("{8BC9CEB8-8B4A-11D0-8D11-00A0C91BC942}") = "StlAlgorthmsProject", "StlAlgorthmsProject\StlAlgorthmsProject.vcxproj", "{931CA930-86F8-45B0-A897-24C55C8DEA10}"
EndProject
Global
	GlobalSection(SolutionConfigurationPlatforms) = preSolution
		Debug|x64 = Debug|x64
		Debug|x86 = Debug|x86
		Release|x64 = Release|x64
		Release|x86 = Release|x86
	EndGlobalSection
	GlobalSection(ProjectConfigurationPlatforms) = postSolution
		{931CA930-86F8-45B0-A897-24C55C8DEA10}.Debug|x64.ActiveCfg = Debug|x64
		{931CA930-86F8-45B0-A897-24C55C8DEA10}.Debug|x64.Build.0 = Debug|x64
		{931CA930-86F8-45B0-A897-24C55C8DEA10}.Debug|x86.ActiveCfg = Debug|Win32
		{931CA930-86F8-45B0-A897-24C55C8DEA10}.Debug|x86.Build.0 = Debug|Win32
		{931CA930-86F8-45B0-A897-24C55C8DEA10}.Release|x64.ActiveCfg = Release|x64
		{931CA930-86F8-45B0-A897-24C55C8DEA10}.Release|x64.Build.0 = Release|x64
		{931CA930-86F8-45B0-A897-24C55C8DEA10}.Release|x86.ActiveCfg = Release|Win32
		{931CA930-86F8-45B0-A897-24C55C8DEA10}.Release|x86.Build.0 = Release|Win32
	EndGlobalSection
	GlobalSection(SolutionProperties) = preSolution
		HideSolutionNode = FALSE
	EndGlobalSection
	GlobalSection(ExtensibilityGlobals) = postSolution
		SolutionGuid = {D0224CC3-01FC-4087-913A-52BDFC68BD1B}
	EndGlobalSection
EndGlobal
